<Solution>
  <Folder Name="/spec/">
    <Project Path="spec/AssetManager.Spec/AssetManager.Spec.csproj" />
    <Project Path="spec/Contracts/Contracts.csproj" />
    <Project Path="spec/MemoryService.Spec/MemoryService.Spec.csproj" />
  </Folder>
  <Folder Name="/src/">
    <Project Path="src/MemoryService/MemoryService.csproj" />
  </Folder>
</Solution>
